
Microsoft Visual Studio Solution File, Format Version 12.00
# Visual Studio 14
VisualStudioVersion = 14.0.25420.1
MinimumVisualStudioVersion = 10.0.40219.1
Project("{2150E333-8FDC-42A3-9474-1A3956D46DE8}") = "0 - Apresentacao", "0 - Apresentacao", "{222A70ED-5844-4C5F-8964-078A2A413278}"
EndProject
Project("{2150E333-8FDC-42A3-9474-1A3956D46DE8}") = "1 - Aplicacao", "1 - Aplicacao", "{605E68F6-A026-4E57-A9F7-07B8152C9E49}"
EndProject
Project("{2150E333-8FDC-42A3-9474-1A3956D46DE8}") = "3 - Dominio", "3 - Dominio", "{C718A9D7-0BE9-4FBC-BE0E-5AE369B0EBAA}"
EndProject
Project("{2150E333-8FDC-42A3-9474-1A3956D46DE8}") = "4 - Infra", "4 - Infra", "{CCE2E292-744A-401F-8336-FE3832B93774}"
EndProject
Project("{2150E333-8FDC-42A3-9474-1A3956D46DE8}") = "4.1 - Dados", "4.1 - Dados", "{B7B80797-C244-48CD-B87E-CF7DA3C65DD9}"
EndProject
Project("{2150E333-8FDC-42A3-9474-1A3956D46DE8}") = "4.2 - CrossCutting", "4.2 - CrossCutting", "{6F8AC236-3124-48DC-81B8-AC6F3F0BB818}"
EndProject
Project("{FAE04EC0-301F-11D3-BF4B-00C04F79EFBC}") = "ProjetoDDD.Infra.CrossCutting.IoC", "ProjetoDDD.Infra.CrossCutting.IoC\ProjetoDDD.Infra.CrossCutting.IoC.csproj", "{378F01F0-EFE0-4375-981B-9B0D410C354D}"
EndProject
Project("{FAE04EC0-301F-11D3-BF4B-00C04F79EFBC}") = "ProjetoDDD.Infra.Dados", "ProjetoDDD.Infra.Dados\ProjetoDDD.Infra.Dados.csproj", "{CDEA862A-ABBE-4B50-ABE4-362BA21A6937}"
EndProject
Project("{FAE04EC0-301F-11D3-BF4B-00C04F79EFBC}") = "ProjetoDDD.Dominio", "ProjetoDDD.Dominio\ProjetoDDD.Dominio.csproj", "{9C2CBB40-826F-49E6-9AAA-4A953E46F87B}"
EndProject
Project("{FAE04EC0-301F-11D3-BF4B-00C04F79EFBC}") = "ProjetoDDD.Aplicacao", "ProjetoDDD.Aplicacao\ProjetoDDD.Aplicacao.csproj", "{277D2F12-17F6-47F7-835E-7E55EB025A16}"
EndProject
Project("{2150E333-8FDC-42A3-9474-1A3956D46DE8}") = "2 - Servico", "2 - Servico", "{A1371407-7723-42D4-8092-FD95EB3075C4}"
EndProject
Project("{FAE04EC0-301F-11D3-BF4B-00C04F79EFBC}") = "ProjetoDDD.Api", "ProjetoDDD.Api\ProjetoDDD.Api.csproj", "{2E07886A-0C17-475C-BC58-59544A840AAE}"
EndProject
Project("{FAE04EC0-301F-11D3-BF4B-00C04F79EFBC}") = "ProjetoDDD.Apresentacao.MVC", "ProjetoDDD.Apresentacao.MVC\ProjetoDDD.Apresentacao.MVC.csproj", "{145F96E1-B823-4456-BE9E-6FB44D988CE2}"
EndProject
Global
	GlobalSection(SolutionConfigurationPlatforms) = preSolution
		Debug|Any CPU = Debug|Any CPU
		Release|Any CPU = Release|Any CPU
	EndGlobalSection
	GlobalSection(ProjectConfigurationPlatforms) = postSolution
		{378F01F0-EFE0-4375-981B-9B0D410C354D}.Debug|Any CPU.ActiveCfg = Debug|Any CPU
		{378F01F0-EFE0-4375-981B-9B0D410C354D}.Debug|Any CPU.Build.0 = Debug|Any CPU
		{378F01F0-EFE0-4375-981B-9B0D410C354D}.Release|Any CPU.ActiveCfg = Release|Any CPU
		{378F01F0-EFE0-4375-981B-9B0D410C354D}.Release|Any CPU.Build.0 = Release|Any CPU
		{CDEA862A-ABBE-4B50-ABE4-362BA21A6937}.Debug|Any CPU.ActiveCfg = Debug|Any CPU
		{CDEA862A-ABBE-4B50-ABE4-362BA21A6937}.Debug|Any CPU.Build.0 = Debug|Any CPU
		{CDEA862A-ABBE-4B50-ABE4-362BA21A6937}.Release|Any CPU.ActiveCfg = Release|Any CPU
		{CDEA862A-ABBE-4B50-ABE4-362BA21A6937}.Release|Any CPU.Build.0 = Release|Any CPU
		{9C2CBB40-826F-49E6-9AAA-4A953E46F87B}.Debug|Any CPU.ActiveCfg = Debug|Any CPU
		{9C2CBB40-826F-49E6-9AAA-4A953E46F87B}.Debug|Any CPU.Build.0 = Debug|Any CPU
		{9C2CBB40-826F-49E6-9AAA-4A953E46F87B}.Release|Any CPU.ActiveCfg = Release|Any CPU
		{9C2CBB40-826F-49E6-9AAA-4A953E46F87B}.Release|Any CPU.Build.0 = Release|Any CPU
		{277D2F12-17F6-47F7-835E-7E55EB025A16}.Debug|Any CPU.ActiveCfg = Debug|Any CPU
		{277D2F12-17F6-47F7-835E-7E55EB025A16}.Debug|Any CPU.Build.0 = Debug|Any CPU
		{277D2F12-17F6-47F7-835E-7E55EB025A16}.Release|Any CPU.ActiveCfg = Release|Any CPU
		{277D2F12-17F6-47F7-835E-7E55EB025A16}.Release|Any CPU.Build.0 = Release|Any CPU
		{2E07886A-0C17-475C-BC58-59544A840AAE}.Debug|Any CPU.ActiveCfg = Debug|Any CPU
		{2E07886A-0C17-475C-BC58-59544A840AAE}.Debug|Any CPU.Build.0 = Debug|Any CPU
		{2E07886A-0C17-475C-BC58-59544A840AAE}.Release|Any CPU.ActiveCfg = Release|Any CPU
		{2E07886A-0C17-475C-BC58-59544A840AAE}.Release|Any CPU.Build.0 = Release|Any CPU
		{145F96E1-B823-4456-BE9E-6FB44D988CE2}.Debug|Any CPU.ActiveCfg = Debug|Any CPU
		{145F96E1-B823-4456-BE9E-6FB44D988CE2}.Debug|Any CPU.Build.0 = Debug|Any CPU
		{145F96E1-B823-4456-BE9E-6FB44D988CE2}.Release|Any CPU.ActiveCfg = Release|Any CPU
		{145F96E1-B823-4456-BE9E-6FB44D988CE2}.Release|Any CPU.Build.0 = Release|Any CPU
	EndGlobalSection
	GlobalSection(SolutionProperties) = preSolution
		HideSolutionNode = FALSE
	EndGlobalSection
	GlobalSection(NestedProjects) = preSolution
		{B7B80797-C244-48CD-B87E-CF7DA3C65DD9} = {CCE2E292-744A-401F-8336-FE3832B93774}
		{6F8AC236-3124-48DC-81B8-AC6F3F0BB818} = {CCE2E292-744A-401F-8336-FE3832B93774}
		{378F01F0-EFE0-4375-981B-9B0D410C354D} = {6F8AC236-3124-48DC-81B8-AC6F3F0BB818}
		{CDEA862A-ABBE-4B50-ABE4-362BA21A6937} = {B7B80797-C244-48CD-B87E-CF7DA3C65DD9}
		{9C2CBB40-826F-49E6-9AAA-4A953E46F87B} = {C718A9D7-0BE9-4FBC-BE0E-5AE369B0EBAA}
		{277D2F12-17F6-47F7-835E-7E55EB025A16} = {605E68F6-A026-4E57-A9F7-07B8152C9E49}
		{2E07886A-0C17-475C-BC58-59544A840AAE} = {A1371407-7723-42D4-8092-FD95EB3075C4}
		{145F96E1-B823-4456-BE9E-6FB44D988CE2} = {222A70ED-5844-4C5F-8964-078A2A413278}
	EndGlobalSection
EndGlobal
